// !$*UTF8*$!
{
	archiveVersion = 1;
	classes = {
	};
	objectVersion = 52;
	objects = {

/* Begin PBXBuildFile section */
		7023743A23C2531400D91C3E /* PreviewPicker.swift in Sources */ = {isa = PBXBuildFile; fileRef = 7023743923C2531400D91C3E /* PreviewPicker.swift */; };
		7023743F23C263E400D91C3E /* PreviewPickerOption.swift in Sources */ = {isa = PBXBuildFile; fileRef = 7023743E23C263E400D91C3E /* PreviewPickerOption.swift */; };
		7023744123C2D37700D91C3E /* Preview.swift in Sources */ = {isa = PBXBuildFile; fileRef = 7023744023C2D37700D91C3E /* Preview.swift */; };
		7023744323C3213700D91C3E /* FrogTheme.swift in Sources */ = {isa = PBXBuildFile; fileRef = 7023744223C3213700D91C3E /* FrogTheme.swift */; };
		7023744523C3894900D91C3E /* OceanTheme.swift in Sources */ = {isa = PBXBuildFile; fileRef = 7023744423C3894900D91C3E /* OceanTheme.swift */; };
		7023744823C598CF00D91C3E /* UIColor+Extensions.swift in Sources */ = {isa = PBXBuildFile; fileRef = 7023744723C598CF00D91C3E /* UIColor+Extensions.swift */; };
		7070A7D523CD8DDF00F5FE26 /* BortTheme.swift in Sources */ = {isa = PBXBuildFile; fileRef = 7070A7D423CD8DDF00F5FE26 /* BortTheme.swift */; };
		70CF052823A73EDB0052A0DE /* AppDelegate.swift in Sources */ = {isa = PBXBuildFile; fileRef = 70CF052723A73EDB0052A0DE /* AppDelegate.swift */; };
		70CF052A23A73EDB0052A0DE /* SceneDelegate.swift in Sources */ = {isa = PBXBuildFile; fileRef = 70CF052923A73EDB0052A0DE /* SceneDelegate.swift */; };
		70CF052C23A73EDB0052A0DE /* ContentView.swift in Sources */ = {isa = PBXBuildFile; fileRef = 70CF052B23A73EDB0052A0DE /* ContentView.swift */; };
		70CF052E23A73EDD0052A0DE /* Assets.xcassets in Resources */ = {isa = PBXBuildFile; fileRef = 70CF052D23A73EDD0052A0DE /* Assets.xcassets */; };
		70CF053123A73EDD0052A0DE /* Preview Assets.xcassets in Resources */ = {isa = PBXBuildFile; fileRef = 70CF053023A73EDD0052A0DE /* Preview Assets.xcassets */; };
		70CF053423A73EDD0052A0DE /* LaunchScreen.storyboard in Resources */ = {isa = PBXBuildFile; fileRef = 70CF053223A73EDD0052A0DE /* LaunchScreen.storyboard */; };
		70CF053F23A73EDD0052A0DE /* ReckonTests.swift in Sources */ = {isa = PBXBuildFile; fileRef = 70CF053E23A73EDD0052A0DE /* ReckonTests.swift */; };
		70CF054D23A73FB40052A0DE /* SettingsSheetView.swift in Sources */ = {isa = PBXBuildFile; fileRef = 70CF054C23A73FB40052A0DE /* SettingsSheetView.swift */; };
		70CF054F23A741070052A0DE /* SettingsListView.swift in Sources */ = {isa = PBXBuildFile; fileRef = 70CF054E23A741070052A0DE /* SettingsListView.swift */; };
		70CF055123A741140052A0DE /* SettingsRowView.swift in Sources */ = {isa = PBXBuildFile; fileRef = 70CF055023A741140052A0DE /* SettingsRowView.swift */; };
		70CF055323A7554A0052A0DE /* CardsListView.swift in Sources */ = {isa = PBXBuildFile; fileRef = 70CF055223A7554A0052A0DE /* CardsListView.swift */; };
		70CF055523A757DB0052A0DE /* CardListCellView.swift in Sources */ = {isa = PBXBuildFile; fileRef = 70CF055423A757DB0052A0DE /* CardListCellView.swift */; };
		70CF055923A75CE90052A0DE /* Sequence.swift in Sources */ = {isa = PBXBuildFile; fileRef = 70CF055823A75CE90052A0DE /* Sequence.swift */; };
		70CF055B23A75F7A0052A0DE /* FibonacciSequence.swift in Sources */ = {isa = PBXBuildFile; fileRef = 70CF055A23A75F7A0052A0DE /* FibonacciSequence.swift */; };
		70CF055D23A764B80052A0DE /* StandardSequence.swift in Sources */ = {isa = PBXBuildFile; fileRef = 70CF055C23A764B80052A0DE /* StandardSequence.swift */; };
		70CF055F23A7652D0052A0DE /* TShirtSequence.swift in Sources */ = {isa = PBXBuildFile; fileRef = 70CF055E23A7652D0052A0DE /* TShirtSequence.swift */; };
		70CF056123A76B520052A0DE /* SequenceHelper.swift in Sources */ = {isa = PBXBuildFile; fileRef = 70CF056023A76B520052A0DE /* SequenceHelper.swift */; };
		70CF056323A8A1640052A0DE /* Constants.swift in Sources */ = {isa = PBXBuildFile; fileRef = 70CF056223A8A1640052A0DE /* Constants.swift */; };
		70CF056823AB65080052A0DE /* CardView.swift in Sources */ = {isa = PBXBuildFile; fileRef = 70CF056723AB65080052A0DE /* CardView.swift */; };
		70CF056B23AE85250052A0DE /* Pages in Frameworks */ = {isa = PBXBuildFile; productRef = 70CF056A23AE85250052A0DE /* Pages */; };
		70CF056D23B12BDF0052A0DE /* Theme.swift in Sources */ = {isa = PBXBuildFile; fileRef = 70CF056C23B12BDF0052A0DE /* Theme.swift */; };
		70CF056F23B12CA80052A0DE /* PastelTheme.swift in Sources */ = {isa = PBXBuildFile; fileRef = 70CF056E23B12CA80052A0DE /* PastelTheme.swift */; };
		70CF057123B136A20052A0DE /* Color+Extensions.swift in Sources */ = {isa = PBXBuildFile; fileRef = 70CF057023B136A20052A0DE /* Color+Extensions.swift */; };
		70CF057323B13C8A0052A0DE /* ThemeHelper.swift in Sources */ = {isa = PBXBuildFile; fileRef = 70CF057223B13C8A0052A0DE /* ThemeHelper.swift */; };
		70CF057523B150880052A0DE /* ImperialTheme.swift in Sources */ = {isa = PBXBuildFile; fileRef = 70CF057423B150880052A0DE /* ImperialTheme.swift */; };
		70CF057723B16F140052A0DE /* FireTheme.swift in Sources */ = {isa = PBXBuildFile; fileRef = 70CF057623B16F140052A0DE /* FireTheme.swift */; };
		70CF057923B16F290052A0DE /* ColorTheme.swift in Sources */ = {isa = PBXBuildFile; fileRef = 70CF057823B16F290052A0DE /* ColorTheme.swift */; };
/* End PBXBuildFile section */

/* Begin PBXContainerItemProxy section */
		70CF053B23A73EDD0052A0DE /* PBXContainerItemProxy */ = {
			isa = PBXContainerItemProxy;
			containerPortal = 70CF051C23A73EDB0052A0DE /* Project object */;
			proxyType = 1;
			remoteGlobalIDString = 70CF052323A73EDB0052A0DE;
			remoteInfo = Reckon;
		};
/* End PBXContainerItemProxy section */

/* Begin PBXFileReference section */
		7023743923C2531400D91C3E /* PreviewPicker.swift */ = {isa = PBXFileReference; lastKnownFileType = sourcecode.swift; path = PreviewPicker.swift; sourceTree = "<group>"; };
		7023743E23C263E400D91C3E /* PreviewPickerOption.swift */ = {isa = PBXFileReference; lastKnownFileType = sourcecode.swift; path = PreviewPickerOption.swift; sourceTree = "<group>"; };
		7023744023C2D37700D91C3E /* Preview.swift */ = {isa = PBXFileReference; lastKnownFileType = sourcecode.swift; path = Preview.swift; sourceTree = "<group>"; };
		7023744223C3213700D91C3E /* FrogTheme.swift */ = {isa = PBXFileReference; lastKnownFileType = sourcecode.swift; path = FrogTheme.swift; sourceTree = "<group>"; };
		7023744423C3894900D91C3E /* OceanTheme.swift */ = {isa = PBXFileReference; lastKnownFileType = sourcecode.swift; path = OceanTheme.swift; sourceTree = "<group>"; };
		7023744723C598CF00D91C3E /* UIColor+Extensions.swift */ = {isa = PBXFileReference; lastKnownFileType = sourcecode.swift; path = "UIColor+Extensions.swift"; sourceTree = "<group>"; };
		7070A7D423CD8DDF00F5FE26 /* BortTheme.swift */ = {isa = PBXFileReference; lastKnownFileType = sourcecode.swift; path = BortTheme.swift; sourceTree = "<group>"; };
		70CF052423A73EDB0052A0DE /* Reckon.app */ = {isa = PBXFileReference; explicitFileType = wrapper.application; includeInIndex = 0; path = Reckon.app; sourceTree = BUILT_PRODUCTS_DIR; };
		70CF052723A73EDB0052A0DE /* AppDelegate.swift */ = {isa = PBXFileReference; lastKnownFileType = sourcecode.swift; path = AppDelegate.swift; sourceTree = "<group>"; };
		70CF052923A73EDB0052A0DE /* SceneDelegate.swift */ = {isa = PBXFileReference; lastKnownFileType = sourcecode.swift; path = SceneDelegate.swift; sourceTree = "<group>"; };
		70CF052B23A73EDB0052A0DE /* ContentView.swift */ = {isa = PBXFileReference; lastKnownFileType = sourcecode.swift; path = ContentView.swift; sourceTree = "<group>"; };
		70CF052D23A73EDD0052A0DE /* Assets.xcassets */ = {isa = PBXFileReference; lastKnownFileType = folder.assetcatalog; path = Assets.xcassets; sourceTree = "<group>"; };
		70CF053023A73EDD0052A0DE /* Preview Assets.xcassets */ = {isa = PBXFileReference; lastKnownFileType = folder.assetcatalog; path = "Preview Assets.xcassets"; sourceTree = "<group>"; };
		70CF053323A73EDD0052A0DE /* Base */ = {isa = PBXFileReference; lastKnownFileType = file.storyboard; name = Base; path = Base.lproj/LaunchScreen.storyboard; sourceTree = "<group>"; };
		70CF053523A73EDD0052A0DE /* Info.plist */ = {isa = PBXFileReference; lastKnownFileType = text.plist.xml; path = Info.plist; sourceTree = "<group>"; };
		70CF053A23A73EDD0052A0DE /* ReckonTests.xctest */ = {isa = PBXFileReference; explicitFileType = wrapper.cfbundle; includeInIndex = 0; path = ReckonTests.xctest; sourceTree = BUILT_PRODUCTS_DIR; };
		70CF053E23A73EDD0052A0DE /* ReckonTests.swift */ = {isa = PBXFileReference; lastKnownFileType = sourcecode.swift; path = ReckonTests.swift; sourceTree = "<group>"; };
		70CF054023A73EDD0052A0DE /* Info.plist */ = {isa = PBXFileReference; lastKnownFileType = text.plist.xml; path = Info.plist; sourceTree = "<group>"; };
		70CF054C23A73FB40052A0DE /* SettingsSheetView.swift */ = {isa = PBXFileReference; lastKnownFileType = sourcecode.swift; path = SettingsSheetView.swift; sourceTree = "<group>"; };
		70CF054E23A741070052A0DE /* SettingsListView.swift */ = {isa = PBXFileReference; lastKnownFileType = sourcecode.swift; path = SettingsListView.swift; sourceTree = "<group>"; };
		70CF055023A741140052A0DE /* SettingsRowView.swift */ = {isa = PBXFileReference; lastKnownFileType = sourcecode.swift; path = SettingsRowView.swift; sourceTree = "<group>"; };
		70CF055223A7554A0052A0DE /* CardsListView.swift */ = {isa = PBXFileReference; lastKnownFileType = sourcecode.swift; path = CardsListView.swift; sourceTree = "<group>"; };
		70CF055423A757DB0052A0DE /* CardListCellView.swift */ = {isa = PBXFileReference; lastKnownFileType = sourcecode.swift; path = CardListCellView.swift; sourceTree = "<group>"; };
		70CF055823A75CE90052A0DE /* Sequence.swift */ = {isa = PBXFileReference; lastKnownFileType = sourcecode.swift; path = Sequence.swift; sourceTree = "<group>"; };
		70CF055A23A75F7A0052A0DE /* FibonacciSequence.swift */ = {isa = PBXFileReference; lastKnownFileType = sourcecode.swift; path = FibonacciSequence.swift; sourceTree = "<group>"; };
		70CF055C23A764B80052A0DE /* StandardSequence.swift */ = {isa = PBXFileReference; lastKnownFileType = sourcecode.swift; path = StandardSequence.swift; sourceTree = "<group>"; };
		70CF055E23A7652D0052A0DE /* TShirtSequence.swift */ = {isa = PBXFileReference; lastKnownFileType = sourcecode.swift; path = TShirtSequence.swift; sourceTree = "<group>"; };
		70CF056023A76B520052A0DE /* SequenceHelper.swift */ = {isa = PBXFileReference; lastKnownFileType = sourcecode.swift; path = SequenceHelper.swift; sourceTree = "<group>"; };
		70CF056223A8A1640052A0DE /* Constants.swift */ = {isa = PBXFileReference; lastKnownFileType = sourcecode.swift; path = Constants.swift; sourceTree = "<group>"; };
		70CF056723AB65080052A0DE /* CardView.swift */ = {isa = PBXFileReference; lastKnownFileType = sourcecode.swift; path = CardView.swift; sourceTree = "<group>"; };
		70CF056C23B12BDF0052A0DE /* Theme.swift */ = {isa = PBXFileReference; lastKnownFileType = sourcecode.swift; path = Theme.swift; sourceTree = "<group>"; };
		70CF056E23B12CA80052A0DE /* PastelTheme.swift */ = {isa = PBXFileReference; lastKnownFileType = sourcecode.swift; path = PastelTheme.swift; sourceTree = "<group>"; };
		70CF057023B136A20052A0DE /* Color+Extensions.swift */ = {isa = PBXFileReference; lastKnownFileType = sourcecode.swift; path = "Color+Extensions.swift"; sourceTree = "<group>"; };
		70CF057223B13C8A0052A0DE /* ThemeHelper.swift */ = {isa = PBXFileReference; lastKnownFileType = sourcecode.swift; path = ThemeHelper.swift; sourceTree = "<group>"; };
		70CF057423B150880052A0DE /* ImperialTheme.swift */ = {isa = PBXFileReference; lastKnownFileType = sourcecode.swift; path = ImperialTheme.swift; sourceTree = "<group>"; };
		70CF057623B16F140052A0DE /* FireTheme.swift */ = {isa = PBXFileReference; lastKnownFileType = sourcecode.swift; path = FireTheme.swift; sourceTree = "<group>"; };
		70CF057823B16F290052A0DE /* ColorTheme.swift */ = {isa = PBXFileReference; lastKnownFileType = sourcecode.swift; path = ColorTheme.swift; sourceTree = "<group>"; };
/* End PBXFileReference section */

/* Begin PBXFrameworksBuildPhase section */
		70CF052123A73EDB0052A0DE /* Frameworks */ = {
			isa = PBXFrameworksBuildPhase;
			buildActionMask = 2147483647;
			files = (
				70CF056B23AE85250052A0DE /* Pages in Frameworks */,
			);
			runOnlyForDeploymentPostprocessing = 0;
		};
		70CF053723A73EDD0052A0DE /* Frameworks */ = {
			isa = PBXFrameworksBuildPhase;
			buildActionMask = 2147483647;
			files = (
			);
			runOnlyForDeploymentPostprocessing = 0;
		};
/* End PBXFrameworksBuildPhase section */

/* Begin PBXGroup section */
		7023743D23C263CB00D91C3E /* PreviewPicker */ = {
			isa = PBXGroup;
			children = (
				7023743923C2531400D91C3E /* PreviewPicker.swift */,
				7023743E23C263E400D91C3E /* PreviewPickerOption.swift */,
				7023744023C2D37700D91C3E /* Preview.swift */,
			);
			path = PreviewPicker;
			sourceTree = "<group>";
		};
		70CF051B23A73EDB0052A0DE = {
			isa = PBXGroup;
			children = (
				70CF052623A73EDB0052A0DE /* Reckon */,
				70CF053D23A73EDD0052A0DE /* ReckonTests */,
				70CF052523A73EDB0052A0DE /* Products */,
			);
			sourceTree = "<group>";
		};
		70CF052523A73EDB0052A0DE /* Products */ = {
			isa = PBXGroup;
			children = (
				70CF052423A73EDB0052A0DE /* Reckon.app */,
				70CF053A23A73EDD0052A0DE /* ReckonTests.xctest */,
			);
			name = Products;
			sourceTree = "<group>";
		};
		70CF052623A73EDB0052A0DE /* Reckon */ = {
			isa = PBXGroup;
			children = (
				70CF055623A75C640052A0DE /* Models */,
				70CF054923A73EEC0052A0DE /* Views */,
				70CF052723A73EDB0052A0DE /* AppDelegate.swift */,
				70CF052923A73EDB0052A0DE /* SceneDelegate.swift */,
				70CF052D23A73EDD0052A0DE /* Assets.xcassets */,
				70CF053223A73EDD0052A0DE /* LaunchScreen.storyboard */,
				70CF053523A73EDD0052A0DE /* Info.plist */,
				70CF052F23A73EDD0052A0DE /* Preview Content */,
			);
			path = Reckon;
			sourceTree = "<group>";
		};
		70CF052F23A73EDD0052A0DE /* Preview Content */ = {
			isa = PBXGroup;
			children = (
				70CF053023A73EDD0052A0DE /* Preview Assets.xcassets */,
			);
			path = "Preview Content";
			sourceTree = "<group>";
		};
		70CF053D23A73EDD0052A0DE /* ReckonTests */ = {
			isa = PBXGroup;
			children = (
				70CF053E23A73EDD0052A0DE /* ReckonTests.swift */,
				70CF054023A73EDD0052A0DE /* Info.plist */,
			);
			path = ReckonTests;
			sourceTree = "<group>";
		};
		70CF054923A73EEC0052A0DE /* Views */ = {
			isa = PBXGroup;
			children = (
				7023743D23C263CB00D91C3E /* PreviewPicker */,
				70CF054B23A73F390052A0DE /* Cards */,
				70CF054A23A73F330052A0DE /* Settings */,
				70CF052B23A73EDB0052A0DE /* ContentView.swift */,
			);
			path = Views;
			sourceTree = "<group>";
		};
		70CF054A23A73F330052A0DE /* Settings */ = {
			isa = PBXGroup;
			children = (
				70CF054C23A73FB40052A0DE /* SettingsSheetView.swift */,
				70CF054E23A741070052A0DE /* SettingsListView.swift */,
				70CF055023A741140052A0DE /* SettingsRowView.swift */,
			);
			path = Settings;
			sourceTree = "<group>";
		};
		70CF054B23A73F390052A0DE /* Cards */ = {
			isa = PBXGroup;
			children = (
				70CF055223A7554A0052A0DE /* CardsListView.swift */,
				70CF055423A757DB0052A0DE /* CardListCellView.swift */,
				70CF056723AB65080052A0DE /* CardView.swift */,
			);
			path = Cards;
			sourceTree = "<group>";
		};
		70CF055623A75C640052A0DE /* Models */ = {
			isa = PBXGroup;
			children = (
				70CF056523A8B36C0052A0DE /* Themes */,
				70CF056423A8B3480052A0DE /* Sequences */,
				70CF056223A8A1640052A0DE /* Constants.swift */,
			);
			path = Models;
			sourceTree = "<group>";
		};
		70CF056423A8B3480052A0DE /* Sequences */ = {
			isa = PBXGroup;
			children = (
				70CF055823A75CE90052A0DE /* Sequence.swift */,
				70CF055A23A75F7A0052A0DE /* FibonacciSequence.swift */,
				70CF055C23A764B80052A0DE /* StandardSequence.swift */,
				70CF055E23A7652D0052A0DE /* TShirtSequence.swift */,
				70CF056023A76B520052A0DE /* SequenceHelper.swift */,
			);
			path = Sequences;
			sourceTree = "<group>";
		};
		70CF056523A8B36C0052A0DE /* Themes */ = {
			isa = PBXGroup;
			children = (
				70CF056C23B12BDF0052A0DE /* Theme.swift */,
				70CF056E23B12CA80052A0DE /* PastelTheme.swift */,
				70CF057023B136A20052A0DE /* Color+Extensions.swift */,
				70CF057223B13C8A0052A0DE /* ThemeHelper.swift */,
				70CF057423B150880052A0DE /* ImperialTheme.swift */,
				70CF057623B16F140052A0DE /* FireTheme.swift */,
				70CF057823B16F290052A0DE /* ColorTheme.swift */,
				7023744223C3213700D91C3E /* FrogTheme.swift */,
				7023744423C3894900D91C3E /* OceanTheme.swift */,
				7023744723C598CF00D91C3E /* UIColor+Extensions.swift */,
				7070A7D423CD8DDF00F5FE26 /* BortTheme.swift */,
			);
			path = Themes;
			sourceTree = "<group>";
		};
/* End PBXGroup section */

/* Begin PBXNativeTarget section */
		70CF052323A73EDB0052A0DE /* Reckon */ = {
			isa = PBXNativeTarget;
			buildConfigurationList = 70CF054323A73EDD0052A0DE /* Build configuration list for PBXNativeTarget "Reckon" */;
			buildPhases = (
				70CF052023A73EDB0052A0DE /* Sources */,
				70CF052123A73EDB0052A0DE /* Frameworks */,
				70CF052223A73EDB0052A0DE /* Resources */,
				7023744623C471FF00D91C3E /* ShellScript */,
			);
			buildRules = (
			);
			dependencies = (
			);
			name = Reckon;
			packageProductDependencies = (
				70CF056A23AE85250052A0DE /* Pages */,
			);
			productName = Reckon;
			productReference = 70CF052423A73EDB0052A0DE /* Reckon.app */;
			productType = "com.apple.product-type.application";
		};
		70CF053923A73EDD0052A0DE /* ReckonTests */ = {
			isa = PBXNativeTarget;
			buildConfigurationList = 70CF054623A73EDD0052A0DE /* Build configuration list for PBXNativeTarget "ReckonTests" */;
			buildPhases = (
				70CF053623A73EDD0052A0DE /* Sources */,
				70CF053723A73EDD0052A0DE /* Frameworks */,
				70CF053823A73EDD0052A0DE /* Resources */,
			);
			buildRules = (
			);
			dependencies = (
				70CF053C23A73EDD0052A0DE /* PBXTargetDependency */,
			);
			name = ReckonTests;
			productName = ReckonTests;
			productReference = 70CF053A23A73EDD0052A0DE /* ReckonTests.xctest */;
			productType = "com.apple.product-type.bundle.unit-test";
		};
/* End PBXNativeTarget section */

/* Begin PBXProject section */
		70CF051C23A73EDB0052A0DE /* Project object */ = {
			isa = PBXProject;
			attributes = {
				LastSwiftUpdateCheck = 1130;
				LastUpgradeCheck = 1130;
				ORGANIZATIONNAME = "Conor Wilson";
				TargetAttributes = {
					70CF052323A73EDB0052A0DE = {
						CreatedOnToolsVersion = 11.3;
					};
					70CF053923A73EDD0052A0DE = {
						CreatedOnToolsVersion = 11.3;
						TestTargetID = 70CF052323A73EDB0052A0DE;
					};
				};
			};
			buildConfigurationList = 70CF051F23A73EDB0052A0DE /* Build configuration list for PBXProject "Reckon" */;
			compatibilityVersion = "Xcode 9.3";
			developmentRegion = en;
			hasScannedForEncodings = 0;
			knownRegions = (
				en,
				Base,
			);
			mainGroup = 70CF051B23A73EDB0052A0DE;
			packageReferences = (
				70CF056923AE85240052A0DE /* XCRemoteSwiftPackageReference "Pages" */,
			);
			productRefGroup = 70CF052523A73EDB0052A0DE /* Products */;
			projectDirPath = "";
			projectRoot = "";
			targets = (
				70CF052323A73EDB0052A0DE /* Reckon */,
				70CF053923A73EDD0052A0DE /* ReckonTests */,
			);
		};
/* End PBXProject section */

/* Begin PBXResourcesBuildPhase section */
		70CF052223A73EDB0052A0DE /* Resources */ = {
			isa = PBXResourcesBuildPhase;
			buildActionMask = 2147483647;
			files = (
				70CF053423A73EDD0052A0DE /* LaunchScreen.storyboard in Resources */,
				70CF053123A73EDD0052A0DE /* Preview Assets.xcassets in Resources */,
				70CF052E23A73EDD0052A0DE /* Assets.xcassets in Resources */,
			);
			runOnlyForDeploymentPostprocessing = 0;
		};
		70CF053823A73EDD0052A0DE /* Resources */ = {
			isa = PBXResourcesBuildPhase;
			buildActionMask = 2147483647;
			files = (
			);
			runOnlyForDeploymentPostprocessing = 0;
		};
/* End PBXResourcesBuildPhase section */

/* Begin PBXShellScriptBuildPhase section */
		7023744623C471FF00D91C3E /* ShellScript */ = {
			isa = PBXShellScriptBuildPhase;
			buildActionMask = 2147483647;
			files = (
			);
			inputFileListPaths = (
			);
			inputPaths = (
			);
			outputFileListPaths = (
			);
			outputPaths = (
			);
			runOnlyForDeploymentPostprocessing = 0;
			shellPath = /bin/sh;
			shellScript = "if which swiftlint >/dev/null; then\n  swiftlint\nelse\n  echo \"warning: SwiftLint not installed, download from https://github.com/realm/SwiftLint\"\nfi\n";
		};
/* End PBXShellScriptBuildPhase section */

/* Begin PBXSourcesBuildPhase section */
		70CF052023A73EDB0052A0DE /* Sources */ = {
			isa = PBXSourcesBuildPhase;
			buildActionMask = 2147483647;
			files = (
				70CF052823A73EDB0052A0DE /* AppDelegate.swift in Sources */,
				70CF054F23A741070052A0DE /* SettingsListView.swift in Sources */,
				7023743A23C2531400D91C3E /* PreviewPicker.swift in Sources */,
				70CF055F23A7652D0052A0DE /* TShirtSequence.swift in Sources */,
				70CF057123B136A20052A0DE /* Color+Extensions.swift in Sources */,
				70CF055923A75CE90052A0DE /* Sequence.swift in Sources */,
				70CF056823AB65080052A0DE /* CardView.swift in Sources */,
				70CF055523A757DB0052A0DE /* CardListCellView.swift in Sources */,
				70CF055123A741140052A0DE /* SettingsRowView.swift in Sources */,
				70CF056123A76B520052A0DE /* SequenceHelper.swift in Sources */,
				70CF057923B16F290052A0DE /* ColorTheme.swift in Sources */,
				7023744823C598CF00D91C3E /* UIColor+Extensions.swift in Sources */,
				70CF057723B16F140052A0DE /* FireTheme.swift in Sources */,
				7023744123C2D37700D91C3E /* Preview.swift in Sources */,
				70CF055D23A764B80052A0DE /* StandardSequence.swift in Sources */,
				7023744523C3894900D91C3E /* OceanTheme.swift in Sources */,
				7070A7D523CD8DDF00F5FE26 /* BortTheme.swift in Sources */,
				70CF056F23B12CA80052A0DE /* PastelTheme.swift in Sources */,
				70CF057523B150880052A0DE /* ImperialTheme.swift in Sources */,
				70CF056D23B12BDF0052A0DE /* Theme.swift in Sources */,
				70CF055B23A75F7A0052A0DE /* FibonacciSequence.swift in Sources */,
				70CF052A23A73EDB0052A0DE /* SceneDelegate.swift in Sources */,
				7023744323C3213700D91C3E /* FrogTheme.swift in Sources */,
				70CF052C23A73EDB0052A0DE /* ContentView.swift in Sources */,
				70CF056323A8A1640052A0DE /* Constants.swift in Sources */,
				70CF055323A7554A0052A0DE /* CardsListView.swift in Sources */,
				70CF054D23A73FB40052A0DE /* SettingsSheetView.swift in Sources */,
				70CF057323B13C8A0052A0DE /* ThemeHelper.swift in Sources */,
				7023743F23C263E400D91C3E /* PreviewPickerOption.swift in Sources */,
			);
			runOnlyForDeploymentPostprocessing = 0;
		};
		70CF053623A73EDD0052A0DE /* Sources */ = {
			isa = PBXSourcesBuildPhase;
			buildActionMask = 2147483647;
			files = (
				70CF053F23A73EDD0052A0DE /* ReckonTests.swift in Sources */,
			);
			runOnlyForDeploymentPostprocessing = 0;
		};
/* End PBXSourcesBuildPhase section */

/* Begin PBXTargetDependency section */
		70CF053C23A73EDD0052A0DE /* PBXTargetDependency */ = {
			isa = PBXTargetDependency;
			target = 70CF052323A73EDB0052A0DE /* Reckon */;
			targetProxy = 70CF053B23A73EDD0052A0DE /* PBXContainerItemProxy */;
		};
/* End PBXTargetDependency section */

/* Begin PBXVariantGroup section */
		70CF053223A73EDD0052A0DE /* LaunchScreen.storyboard */ = {
			isa = PBXVariantGroup;
			children = (
				70CF053323A73EDD0052A0DE /* Base */,
			);
			name = LaunchScreen.storyboard;
			sourceTree = "<group>";
		};
/* End PBXVariantGroup section */

/* Begin XCBuildConfiguration section */
		70CF054123A73EDD0052A0DE /* Debug */ = {
			isa = XCBuildConfiguration;
			buildSettings = {
				ALWAYS_SEARCH_USER_PATHS = NO;
				CLANG_ANALYZER_NONNULL = YES;
				CLANG_ANALYZER_NUMBER_OBJECT_CONVERSION = YES_AGGRESSIVE;
				CLANG_CXX_LANGUAGE_STANDARD = "gnu++14";
				CLANG_CXX_LIBRARY = "libc++";
				CLANG_ENABLE_MODULES = YES;
				CLANG_ENABLE_OBJC_ARC = YES;
				CLANG_ENABLE_OBJC_WEAK = YES;
				CLANG_WARN_BLOCK_CAPTURE_AUTORELEASING = YES;
				CLANG_WARN_BOOL_CONVERSION = YES;
				CLANG_WARN_COMMA = YES;
				CLANG_WARN_CONSTANT_CONVERSION = YES;
				CLANG_WARN_DEPRECATED_OBJC_IMPLEMENTATIONS = YES;
				CLANG_WARN_DIRECT_OBJC_ISA_USAGE = YES_ERROR;
				CLANG_WARN_DOCUMENTATION_COMMENTS = YES;
				CLANG_WARN_EMPTY_BODY = YES;
				CLANG_WARN_ENUM_CONVERSION = YES;
				CLANG_WARN_INFINITE_RECURSION = YES;
				CLANG_WARN_INT_CONVERSION = YES;
				CLANG_WARN_NON_LITERAL_NULL_CONVERSION = YES;
				CLANG_WARN_OBJC_IMPLICIT_RETAIN_SELF = YES;
				CLANG_WARN_OBJC_LITERAL_CONVERSION = YES;
				CLANG_WARN_OBJC_ROOT_CLASS = YES_ERROR;
				CLANG_WARN_RANGE_LOOP_ANALYSIS = YES;
				CLANG_WARN_STRICT_PROTOTYPES = YES;
				CLANG_WARN_SUSPICIOUS_MOVE = YES;
				CLANG_WARN_UNGUARDED_AVAILABILITY = YES_AGGRESSIVE;
				CLANG_WARN_UNREACHABLE_CODE = YES;
				CLANG_WARN__DUPLICATE_METHOD_MATCH = YES;
				COPY_PHASE_STRIP = NO;
				DEBUG_INFORMATION_FORMAT = dwarf;
				ENABLE_STRICT_OBJC_MSGSEND = YES;
				ENABLE_TESTABILITY = YES;
				GCC_C_LANGUAGE_STANDARD = gnu11;
				GCC_DYNAMIC_NO_PIC = NO;
				GCC_NO_COMMON_BLOCKS = YES;
				GCC_OPTIMIZATION_LEVEL = 0;
				GCC_PREPROCESSOR_DEFINITIONS = (
					"DEBUG=1",
					"$(inherited)",
				);
				GCC_WARN_64_TO_32_BIT_CONVERSION = YES;
				GCC_WARN_ABOUT_RETURN_TYPE = YES_ERROR;
				GCC_WARN_UNDECLARED_SELECTOR = YES;
				GCC_WARN_UNINITIALIZED_AUTOS = YES_AGGRESSIVE;
				GCC_WARN_UNUSED_FUNCTION = YES;
				GCC_WARN_UNUSED_VARIABLE = YES;
				IPHONEOS_DEPLOYMENT_TARGET = 13.2;
				MTL_ENABLE_DEBUG_INFO = INCLUDE_SOURCE;
				MTL_FAST_MATH = YES;
				ONLY_ACTIVE_ARCH = YES;
				SDKROOT = iphoneos;
				SWIFT_ACTIVE_COMPILATION_CONDITIONS = DEBUG;
				SWIFT_OPTIMIZATION_LEVEL = "-Onone";
			};
			name = Debug;
		};
		70CF054223A73EDD0052A0DE /* Release */ = {
			isa = XCBuildConfiguration;
			buildSettings = {
				ALWAYS_SEARCH_USER_PATHS = NO;
				CLANG_ANALYZER_NONNULL = YES;
				CLANG_ANALYZER_NUMBER_OBJECT_CONVERSION = YES_AGGRESSIVE;
				CLANG_CXX_LANGUAGE_STANDARD = "gnu++14";
				CLANG_CXX_LIBRARY = "libc++";
				CLANG_ENABLE_MODULES = YES;
				CLANG_ENABLE_OBJC_ARC = YES;
				CLANG_ENABLE_OBJC_WEAK = YES;
				CLANG_WARN_BLOCK_CAPTURE_AUTORELEASING = YES;
				CLANG_WARN_BOOL_CONVERSION = YES;
				CLANG_WARN_COMMA = YES;
				CLANG_WARN_CONSTANT_CONVERSION = YES;
				CLANG_WARN_DEPRECATED_OBJC_IMPLEMENTATIONS = YES;
				CLANG_WARN_DIRECT_OBJC_ISA_USAGE = YES_ERROR;
				CLANG_WARN_DOCUMENTATION_COMMENTS = YES;
				CLANG_WARN_EMPTY_BODY = YES;
				CLANG_WARN_ENUM_CONVERSION = YES;
				CLANG_WARN_INFINITE_RECURSION = YES;
				CLANG_WARN_INT_CONVERSION = YES;
				CLANG_WARN_NON_LITERAL_NULL_CONVERSION = YES;
				CLANG_WARN_OBJC_IMPLICIT_RETAIN_SELF = YES;
				CLANG_WARN_OBJC_LITERAL_CONVERSION = YES;
				CLANG_WARN_OBJC_ROOT_CLASS = YES_ERROR;
				CLANG_WARN_RANGE_LOOP_ANALYSIS = YES;
				CLANG_WARN_STRICT_PROTOTYPES = YES;
				CLANG_WARN_SUSPICIOUS_MOVE = YES;
				CLANG_WARN_UNGUARDED_AVAILABILITY = YES_AGGRESSIVE;
				CLANG_WARN_UNREACHABLE_CODE = YES;
				CLANG_WARN__DUPLICATE_METHOD_MATCH = YES;
				COPY_PHASE_STRIP = NO;
				DEBUG_INFORMATION_FORMAT = "dwarf-with-dsym";
				ENABLE_NS_ASSERTIONS = NO;
				ENABLE_STRICT_OBJC_MSGSEND = YES;
				GCC_C_LANGUAGE_STANDARD = gnu11;
				GCC_NO_COMMON_BLOCKS = YES;
				GCC_WARN_64_TO_32_BIT_CONVERSION = YES;
				GCC_WARN_ABOUT_RETURN_TYPE = YES_ERROR;
				GCC_WARN_UNDECLARED_SELECTOR = YES;
				GCC_WARN_UNINITIALIZED_AUTOS = YES_AGGRESSIVE;
				GCC_WARN_UNUSED_FUNCTION = YES;
				GCC_WARN_UNUSED_VARIABLE = YES;
				IPHONEOS_DEPLOYMENT_TARGET = 13.2;
				MTL_ENABLE_DEBUG_INFO = NO;
				MTL_FAST_MATH = YES;
				SDKROOT = iphoneos;
				SWIFT_COMPILATION_MODE = wholemodule;
				SWIFT_OPTIMIZATION_LEVEL = "-O";
				VALIDATE_PRODUCT = YES;
			};
			name = Release;
		};
		70CF054423A73EDD0052A0DE /* Debug */ = {
			isa = XCBuildConfiguration;
			buildSettings = {
				ASSETCATALOG_COMPILER_APPICON_NAME = AppIcon;
				CODE_SIGN_STYLE = Automatic;
				DEVELOPMENT_ASSET_PATHS = "\"Reckon/Preview Content\"";
				DEVELOPMENT_TEAM = 4VE85D2NSY;
				ENABLE_PREVIEWS = YES;
				INFOPLIST_FILE = Reckon/Info.plist;
				IPHONEOS_DEPLOYMENT_TARGET = 13.0;
				LD_RUNPATH_SEARCH_PATHS = (
					"$(inherited)",
					"@executable_path/Frameworks",
				);
				PRODUCT_BUNDLE_IDENTIFIER = com.conornwilson.Reckon;
				PRODUCT_NAME = "$(TARGET_NAME)";
				SWIFT_VERSION = 5.0;
				TARGETED_DEVICE_FAMILY = 1;
			};
			name = Debug;
		};
		70CF054523A73EDD0052A0DE /* Release */ = {
			isa = XCBuildConfiguration;
			buildSettings = {
				ASSETCATALOG_COMPILER_APPICON_NAME = AppIcon;
				CODE_SIGN_STYLE = Automatic;
				DEVELOPMENT_ASSET_PATHS = "\"Reckon/Preview Content\"";
				DEVELOPMENT_TEAM = 4VE85D2NSY;
				ENABLE_PREVIEWS = YES;
				INFOPLIST_FILE = Reckon/Info.plist;
				IPHONEOS_DEPLOYMENT_TARGET = 13.0;
				LD_RUNPATH_SEARCH_PATHS = (
					"$(inherited)",
					"@executable_path/Frameworks",
				);
				PRODUCT_BUNDLE_IDENTIFIER = com.conornwilson.Reckon;
				PRODUCT_NAME = "$(TARGET_NAME)";
				SWIFT_VERSION = 5.0;
				TARGETED_DEVICE_FAMILY = 1;
			};
			name = Release;
		};
		70CF054723A73EDD0052A0DE /* Debug */ = {
			isa = XCBuildConfiguration;
			buildSettings = {
				ALWAYS_EMBED_SWIFT_STANDARD_LIBRARIES = YES;
				BUNDLE_LOADER = "$(TEST_HOST)";
				CODE_SIGN_STYLE = Automatic;
				DEVELOPMENT_TEAM = 4VE85D2NSY;
				INFOPLIST_FILE = ReckonTests/Info.plist;
				IPHONEOS_DEPLOYMENT_TARGET = 13.2;
				LD_RUNPATH_SEARCH_PATHS = (
					"$(inherited)",
					"@executable_path/Frameworks",
					"@loader_path/Frameworks",
				);
				PRODUCT_BUNDLE_IDENTIFIER = com.conornwilson.ReckonTests;
				PRODUCT_NAME = "$(TARGET_NAME)";
				SWIFT_VERSION = 5.0;
				TARGETED_DEVICE_FAMILY = "1,2";
				TEST_HOST = "$(BUILT_PRODUCTS_DIR)/Reckon.app/Reckon";
			};
			name = Debug;
		};
		70CF054823A73EDD0052A0DE /* Release */ = {
			isa = XCBuildConfiguration;
			buildSettings = {
				ALWAYS_EMBED_SWIFT_STANDARD_LIBRARIES = YES;
				BUNDLE_LOADER = "$(TEST_HOST)";
				CODE_SIGN_STYLE = Automatic;
				DEVELOPMENT_TEAM = 4VE85D2NSY;
				INFOPLIST_FILE = ReckonTests/Info.plist;
				IPHONEOS_DEPLOYMENT_TARGET = 13.2;
				LD_RUNPATH_SEARCH_PATHS = (
					"$(inherited)",
					"@executable_path/Frameworks",
					"@loader_path/Frameworks",
				);
				PRODUCT_BUNDLE_IDENTIFIER = com.conornwilson.ReckonTests;
				PRODUCT_NAME = "$(TARGET_NAME)";
				SWIFT_VERSION = 5.0;
				TARGETED_DEVICE_FAMILY = "1,2";
				TEST_HOST = "$(BUILT_PRODUCTS_DIR)/Reckon.app/Reckon";
			};
			name = Release;
		};
/* End XCBuildConfiguration section */

/* Begin XCConfigurationList section */
		70CF051F23A73EDB0052A0DE /* Build configuration list for PBXProject "Reckon" */ = {
			isa = XCConfigurationList;
			buildConfigurations = (
				70CF054123A73EDD0052A0DE /* Debug */,
				70CF054223A73EDD0052A0DE /* Release */,
			);
			defaultConfigurationIsVisible = 0;
			defaultConfigurationName = Release;
		};
		70CF054323A73EDD0052A0DE /* Build configuration list for PBXNativeTarget "Reckon" */ = {
			isa = XCConfigurationList;
			buildConfigurations = (
				70CF054423A73EDD0052A0DE /* Debug */,
				70CF054523A73EDD0052A0DE /* Release */,
			);
			defaultConfigurationIsVisible = 0;
			defaultConfigurationName = Release;
		};
		70CF054623A73EDD0052A0DE /* Build configuration list for PBXNativeTarget "ReckonTests" */ = {
			isa = XCConfigurationList;
			buildConfigurations = (
				70CF054723A73EDD0052A0DE /* Debug */,
				70CF054823A73EDD0052A0DE /* Release */,
			);
			defaultConfigurationIsVisible = 0;
			defaultConfigurationName = Release;
		};
/* End XCConfigurationList section */

/* Begin XCRemoteSwiftPackageReference section */
		70CF056923AE85240052A0DE /* XCRemoteSwiftPackageReference "Pages" */ = {
			isa = XCRemoteSwiftPackageReference;
			repositoryURL = "https://github.com/nachonavarro/Pages";
			requirement = {
				kind = upToNextMajorVersion;
				minimumVersion = 0.1.3;
			};
		};
/* End XCRemoteSwiftPackageReference section */

/* Begin XCSwiftPackageProductDependency section */
		70CF056A23AE85250052A0DE /* Pages */ = {
			isa = XCSwiftPackageProductDependency;
			package = 70CF056923AE85240052A0DE /* XCRemoteSwiftPackageReference "Pages" */;
			productName = Pages;
		};
/* End XCSwiftPackageProductDependency section */
	};
	rootObject = 70CF051C23A73EDB0052A0DE /* Project object */;
}
